
Microsoft Visual Studio Solution File, Format Version 12.00
# Visual Studio Version 16
VisualStudioVersion = 16.0.29326.143
MinimumVisualStudioVersion = 10.0.40219.1
Project("{FAE04EC0-301F-11D3-BF4B-00C04F79EFBC}") = "FinAPPcial.Api", "FinAPPcial.Api\FinAPPcial.Api.csproj", "{8259E505-5255-4E9F-8B80-7BA83AFD63F5}"
EndProject
Project("{FAE04EC0-301F-11D3-BF4B-00C04F79EFBC}") = "FinAPPcial.Api.Tests", "FinAPPcial.Api.Tests\FinAPPcial.Api.Tests.csproj", "{EC448898-CD0C-4636-AA3F-4E7BF4C0FA29}"
EndProject
Global
	GlobalSection(SolutionConfigurationPlatforms) = preSolution
		Debug|Any CPU = Debug|Any CPU
		Release|Any CPU = Release|Any CPU
	EndGlobalSection
	GlobalSection(ProjectConfigurationPlatforms) = postSolution
		{8259E505-5255-4E9F-8B80-7BA83AFD63F5}.Debug|Any CPU.ActiveCfg = Debug|Any CPU
		{8259E505-5255-4E9F-8B80-7BA83AFD63F5}.Debug|Any CPU.Build.0 = Debug|Any CPU
		{8259E505-5255-4E9F-8B80-7BA83AFD63F5}.Release|Any CPU.ActiveCfg = Release|Any CPU
		{8259E505-5255-4E9F-8B80-7BA83AFD63F5}.Release|Any CPU.Build.0 = Release|Any CPU
		{EC448898-CD0C-4636-AA3F-4E7BF4C0FA29}.Debug|Any CPU.ActiveCfg = Debug|Any CPU
		{EC448898-CD0C-4636-AA3F-4E7BF4C0FA29}.Debug|Any CPU.Build.0 = Debug|Any CPU
		{EC448898-CD0C-4636-AA3F-4E7BF4C0FA29}.Release|Any CPU.ActiveCfg = Release|Any CPU
		{EC448898-CD0C-4636-AA3F-4E7BF4C0FA29}.Release|Any CPU.Build.0 = Release|Any CPU
	EndGlobalSection
	GlobalSection(SolutionProperties) = preSolution
		HideSolutionNode = FALSE
	EndGlobalSection
	GlobalSection(ExtensibilityGlobals) = postSolution
		SolutionGuid = {E48C4FC3-5BD5-4FDD-948D-9A0804C7D4BE}
	EndGlobalSection
EndGlobal
